# THIS IS AN AUTOGENERATED FILE. DO NOT EDIT THIS FILE DIRECTLY.
# yarn lockfile v1


ansi-html@0.0.7:
  version "0.0.7"
  resolved "https://registry.yarnpkg.com/ansi-html/-/ansi-html-0.0.7.tgz#813584021962a9e9e6fd039f940d12f56ca7859e"

ansi-regex@^2.0.0:
  version "2.1.1"
  resolved "https://registry.yarnpkg.com/ansi-regex/-/ansi-regex-2.1.1.tgz#c3b33ab5ee360d86e0e628f0468ae7ef27d654df"

html-entities@^1.2.0:
  version "1.2.1"
  resolved "https://registry.yarnpkg.com/html-entities/-/html-entities-1.2.1.tgz#0df29351f0721163515dfb9e5543e5f6eed5162f"

querystring@^0.2.0:
  version "0.2.0"
  resolved "https://registry.yarnpkg.com/querystring/-/querystring-0.2.0.tgz#b209849203bb25df820da756e747005878521620"

strip-ansi@^3.0.0:
  version "3.0.1"
  resolved "https://registry.yarnpkg.com/strip-ansi/-/strip-ansi-3.0.1.tgz#6a385fb8853d952d5ff05d0e8aaf94278dc63dcf"
  dependencies:
    ansi-regex "^2.0.0"

webpack-hot-middleware@^2.22.3:
  version "2.22.3"
  resolved "https://registry.yarnpkg.com/webpack-hot-middleware/-/webpack-hot-middleware-2.22.3.tgz#ae6025d57d656085c5b716b44e0bc0f796787776"
  dependencies:
    ansi-html "0.0.7"
    html-entities "^1.2.0"
    querystring "^0.2.0"
    strip-ansi "^3.0.0"
